
Microsoft Visual Studio Solution File, Format Version 12.00
# Visual Studio 2013
VisualStudioVersion = 12.0.40629.0
MinimumVisualStudioVersion = 10.0.40219.1
Project("{00D1A9C2-B5F0-4AF3-8072-F6C62B433612}") = "RosterDb", "RosterDb\RosterDb.sqlproj", "{02280C3F-78B9-468A-B8E2-DD9C60963CE9}"
EndProject
Project("{FAE04EC0-301F-11D3-BF4B-00C04F79EFBC}") = "RosterDb_Test", "RosterDb_Test\RosterDb_Test.csproj", "{3F259716-254E-48B6-8ECA-8FB1BD74B6D5}"
EndProject
Global
	GlobalSection(SolutionConfigurationPlatforms) = preSolution
		Debug|Any CPU = Debug|Any CPU
		Development|Any CPU = Development|Any CPU
		Release|Any CPU = Release|Any CPU
	EndGlobalSection
	GlobalSection(ProjectConfigurationPlatforms) = postSolution
		{02280C3F-78B9-468A-B8E2-DD9C60963CE9}.Debug|Any CPU.ActiveCfg = Debug|Any CPU
		{02280C3F-78B9-468A-B8E2-DD9C60963CE9}.Debug|Any CPU.Build.0 = Debug|Any CPU
		{02280C3F-78B9-468A-B8E2-DD9C60963CE9}.Debug|Any CPU.Deploy.0 = Debug|Any CPU
		{02280C3F-78B9-468A-B8E2-DD9C60963CE9}.Development|Any CPU.ActiveCfg = Debug|Any CPU
		{02280C3F-78B9-468A-B8E2-DD9C60963CE9}.Development|Any CPU.Build.0 = Debug|Any CPU
		{02280C3F-78B9-468A-B8E2-DD9C60963CE9}.Development|Any CPU.Deploy.0 = Debug|Any CPU
		{02280C3F-78B9-468A-B8E2-DD9C60963CE9}.Release|Any CPU.ActiveCfg = Release|Any CPU
		{02280C3F-78B9-468A-B8E2-DD9C60963CE9}.Release|Any CPU.Build.0 = Release|Any CPU
		{02280C3F-78B9-468A-B8E2-DD9C60963CE9}.Release|Any CPU.Deploy.0 = Release|Any CPU
		{3F259716-254E-48B6-8ECA-8FB1BD74B6D5}.Debug|Any CPU.ActiveCfg = Debug|Any CPU
		{3F259716-254E-48B6-8ECA-8FB1BD74B6D5}.Debug|Any CPU.Build.0 = Debug|Any CPU
		{3F259716-254E-48B6-8ECA-8FB1BD74B6D5}.Development|Any CPU.ActiveCfg = Debug|Any CPU
		{3F259716-254E-48B6-8ECA-8FB1BD74B6D5}.Development|Any CPU.Build.0 = Debug|Any CPU
		{3F259716-254E-48B6-8ECA-8FB1BD74B6D5}.Release|Any CPU.ActiveCfg = Release|Any CPU
		{3F259716-254E-48B6-8ECA-8FB1BD74B6D5}.Release|Any CPU.Build.0 = Release|Any CPU
	EndGlobalSection
	GlobalSection(SolutionProperties) = preSolution
		HideSolutionNode = FALSE
	EndGlobalSection
EndGlobal
